
Microsoft Visual Studio Solution File, Format Version 12.00
# Visual Studio Version 17
VisualStudioVersion = 17.7.34202.233
MinimumVisualStudioVersion = 10.0.40219.1
Project("{9A19103F-16F7-4668-BE54-9A1E7A4F7556}") = "Assignment", "Assignment\Assignment.csproj", "{144D9841-7317-4FDF-98C4-0269EF339CEC}"
EndProject
Global
	GlobalSection(SolutionConfigurationPlatforms) = preSolution
		Debug|Any CPU = Debug|Any CPU
		Release|Any CPU = Release|Any CPU
	EndGlobalSection
	GlobalSection(ProjectConfigurationPlatforms) = postSolution
		{144D9841-7317-4FDF-98C4-0269EF339CEC}.Debug|Any CPU.ActiveCfg = Debug|Any CPU
		{144D9841-7317-4FDF-98C4-0269EF339CEC}.Debug|Any CPU.Build.0 = Debug|Any CPU
		{144D9841-7317-4FDF-98C4-0269EF339CEC}.Release|Any CPU.ActiveCfg = Release|Any CPU
		{144D9841-7317-4FDF-98C4-0269EF339CEC}.Release|Any CPU.Build.0 = Release|Any CPU
	EndGlobalSection
	GlobalSection(SolutionProperties) = preSolution
		HideSolutionNode = FALSE
	EndGlobalSection
	GlobalSection(ExtensibilityGlobals) = postSolution
		SolutionGuid = {A9200CB6-BC89-4116-8E03-3263814DDFFC}
	EndGlobalSection
EndGlobal
